
Microsoft Visual Studio Solution File, Format Version 12.00
# Visual Studio Version 17
VisualStudioVersion = 17.2.32616.157
MinimumVisualStudioVersion = 10.0.40219.1
Project("{FAE04EC0-301F-11D3-BF4B-00C04F79EFBC}") = "Application.UI", "Application.UI.csproj", "{50FD29F4-B7D0-41AA-9F4A-275D4C68DA0D}"
EndProject
Project("{FAE04EC0-301F-11D3-BF4B-00C04F79EFBC}") = "Application.DataAccess", "..\Application.DataAccess\Application.DataAccess.csproj", "{25D09393-D584-48DA-BF72-21CC764D5584}"
EndProject
Project("{FAE04EC0-301F-11D3-BF4B-00C04F79EFBC}") = "Application.Entities", "..\Application.Entities\Application.Entities.csproj", "{C46EDD38-6A97-4E02-925F-B38C79D572DB}"
EndProject
Global
	GlobalSection(SolutionConfigurationPlatforms) = preSolution
		Debug|Any CPU = Debug|Any CPU
		Release|Any CPU = Release|Any CPU
	EndGlobalSection
	GlobalSection(ProjectConfigurationPlatforms) = postSolution
		{50FD29F4-B7D0-41AA-9F4A-275D4C68DA0D}.Debug|Any CPU.ActiveCfg = Debug|Any CPU
		{50FD29F4-B7D0-41AA-9F4A-275D4C68DA0D}.Debug|Any CPU.Build.0 = Debug|Any CPU
		{50FD29F4-B7D0-41AA-9F4A-275D4C68DA0D}.Release|Any CPU.ActiveCfg = Release|Any CPU
		{50FD29F4-B7D0-41AA-9F4A-275D4C68DA0D}.Release|Any CPU.Build.0 = Release|Any CPU
		{25D09393-D584-48DA-BF72-21CC764D5584}.Debug|Any CPU.ActiveCfg = Debug|Any CPU
		{25D09393-D584-48DA-BF72-21CC764D5584}.Debug|Any CPU.Build.0 = Debug|Any CPU
		{25D09393-D584-48DA-BF72-21CC764D5584}.Release|Any CPU.ActiveCfg = Release|Any CPU
		{25D09393-D584-48DA-BF72-21CC764D5584}.Release|Any CPU.Build.0 = Release|Any CPU
		{C46EDD38-6A97-4E02-925F-B38C79D572DB}.Debug|Any CPU.ActiveCfg = Debug|Any CPU
		{C46EDD38-6A97-4E02-925F-B38C79D572DB}.Debug|Any CPU.Build.0 = Debug|Any CPU
		{C46EDD38-6A97-4E02-925F-B38C79D572DB}.Release|Any CPU.ActiveCfg = Release|Any CPU
		{C46EDD38-6A97-4E02-925F-B38C79D572DB}.Release|Any CPU.Build.0 = Release|Any CPU
	EndGlobalSection
	GlobalSection(SolutionProperties) = preSolution
		HideSolutionNode = FALSE
	EndGlobalSection
	GlobalSection(ExtensibilityGlobals) = postSolution
		SolutionGuid = {CD126316-C3EA-4FE1-A10E-5694DD2DF125}
	EndGlobalSection
EndGlobal
